
Microsoft Visual Studio Solution File, Format Version 12.00
# Visual Studio Version 17
VisualStudioVersion = 17.0.31903.59
MinimumVisualStudioVersion = 10.0.40219.1
Project("{9A19103F-16F7-4668-BE54-9A1E7A4F7556}") = "ProjTest2.Server", "ProjTest2\Server\ProjTest2.Server.csproj", "{40841060-6F2B-4929-AD06-F125B5ED54F4}"
EndProject
Project("{9A19103F-16F7-4668-BE54-9A1E7A4F7556}") = "ProjTest2.Client", "ProjTest2\Client\ProjTest2.Client.csproj", "{ABD46ABC-1F4A-40E1-827F-FA9E69FE5350}"
EndProject
Project("{9A19103F-16F7-4668-BE54-9A1E7A4F7556}") = "ProjTest2.Shared", "ProjTest2\Shared\ProjTest2.Shared.csproj", "{1F6070A7-F895-474A-B6D2-1783BCC6E6EA}"
EndProject
Project("{FAE04EC0-301F-11D3-BF4B-00C04F79EFBC}") = "Shared.Models.Test", "ProjTest2\Shared.Models.Test\Shared.Models.Test.csproj", "{BE9338BE-4431-446A-AFC9-C54E829548EE}"
EndProject
Project("{FAE04EC0-301F-11D3-BF4B-00C04F79EFBC}") = "Server.Repositories.Test", "ProjTest2\Server.Repositories.Test\Server.Repositories.Test.csproj", "{00306484-F059-40F8-949C-CC147B481363}"
Project("{2150E333-8FDC-42A3-9474-1A3956D46DE8}") = "ProjTest2", "ProjTest2", "{E7C8C305-794F-4E2B-BBDF-019B8F4D42D8}"
EndProject
Project("{FAE04EC0-301F-11D3-BF4B-00C04F79EFBC}") = "Server.Controller.Test", "ProjTest2\Server.Controller.Test\Server.Controller.Test.csproj", "{979DCBA9-91D5-4A97-8D30-A28A5839FB08}"
EndProject
Global
	GlobalSection(SolutionConfigurationPlatforms) = preSolution
		Debug|Any CPU = Debug|Any CPU
		Release|Any CPU = Release|Any CPU
	EndGlobalSection
	GlobalSection(ProjectConfigurationPlatforms) = postSolution
		{40841060-6F2B-4929-AD06-F125B5ED54F4}.Debug|Any CPU.ActiveCfg = Debug|Any CPU
		{40841060-6F2B-4929-AD06-F125B5ED54F4}.Debug|Any CPU.Build.0 = Debug|Any CPU
		{40841060-6F2B-4929-AD06-F125B5ED54F4}.Release|Any CPU.ActiveCfg = Release|Any CPU
		{40841060-6F2B-4929-AD06-F125B5ED54F4}.Release|Any CPU.Build.0 = Release|Any CPU
		{ABD46ABC-1F4A-40E1-827F-FA9E69FE5350}.Debug|Any CPU.ActiveCfg = Debug|Any CPU
		{ABD46ABC-1F4A-40E1-827F-FA9E69FE5350}.Debug|Any CPU.Build.0 = Debug|Any CPU
		{ABD46ABC-1F4A-40E1-827F-FA9E69FE5350}.Release|Any CPU.ActiveCfg = Release|Any CPU
		{ABD46ABC-1F4A-40E1-827F-FA9E69FE5350}.Release|Any CPU.Build.0 = Release|Any CPU
		{1F6070A7-F895-474A-B6D2-1783BCC6E6EA}.Debug|Any CPU.ActiveCfg = Debug|Any CPU
		{1F6070A7-F895-474A-B6D2-1783BCC6E6EA}.Debug|Any CPU.Build.0 = Debug|Any CPU
		{1F6070A7-F895-474A-B6D2-1783BCC6E6EA}.Release|Any CPU.ActiveCfg = Release|Any CPU
		{1F6070A7-F895-474A-B6D2-1783BCC6E6EA}.Release|Any CPU.Build.0 = Release|Any CPU
		{BE9338BE-4431-446A-AFC9-C54E829548EE}.Debug|Any CPU.ActiveCfg = Debug|Any CPU
		{BE9338BE-4431-446A-AFC9-C54E829548EE}.Debug|Any CPU.Build.0 = Debug|Any CPU
		{BE9338BE-4431-446A-AFC9-C54E829548EE}.Release|Any CPU.ActiveCfg = Release|Any CPU
		{BE9338BE-4431-446A-AFC9-C54E829548EE}.Release|Any CPU.Build.0 = Release|Any CPU
		{00306484-F059-40F8-949C-CC147B481363}.Debug|Any CPU.ActiveCfg = Debug|Any CPU
		{00306484-F059-40F8-949C-CC147B481363}.Debug|Any CPU.Build.0 = Debug|Any CPU
		{00306484-F059-40F8-949C-CC147B481363}.Release|Any CPU.ActiveCfg = Release|Any CPU
		{00306484-F059-40F8-949C-CC147B481363}.Release|Any CPU.Build.0 = Release|Any CPU
		{979DCBA9-91D5-4A97-8D30-A28A5839FB08}.Debug|Any CPU.ActiveCfg = Debug|Any CPU
		{979DCBA9-91D5-4A97-8D30-A28A5839FB08}.Debug|Any CPU.Build.0 = Debug|Any CPU
		{979DCBA9-91D5-4A97-8D30-A28A5839FB08}.Release|Any CPU.ActiveCfg = Release|Any CPU
		{979DCBA9-91D5-4A97-8D30-A28A5839FB08}.Release|Any CPU.Build.0 = Release|Any CPU
	EndGlobalSection
	GlobalSection(SolutionProperties) = preSolution
		HideSolutionNode = FALSE
	EndGlobalSection
	GlobalSection(ExtensibilityGlobals) = postSolution
		SolutionGuid = {2FBEFF10-7175-45E0-8C9B-3A0745A45221}
	EndGlobalSection
	GlobalSection(NestedProjects) = preSolution
		{979DCBA9-91D5-4A97-8D30-A28A5839FB08} = {E7C8C305-794F-4E2B-BBDF-019B8F4D42D8}
	EndGlobalSection
EndGlobal
